{
  "version": 4,
  "terraform_version": "1.12.1",
  "serial": 1,
  "lineage": "cb87a791-ce42-015c-5492-efb74f3a4f38",
  "outputs": {},
  "resources": [
    {
      "mode": "managed",
      "type": "timescale_service",
      "name": "analytics_db",
      "provider": "provider[\"registry.terraform.io/timescale/timescale\"]",
      "instances": [
        {
          "schema_version": 0,
          "attributes": {
            "enable_ha_replica": false,
            "hostname": "x6pk14pwkd.abs1udnala.tsdb.cloud.timescale.com",
            "id": "x6pk14pwkd",
            "memory_gb": 8,
            "milli_cpu": 2000,
            "name": "production-analytics",
            "password": "w4c8fkivnzfp103l",
            "port": 39221,
            "region_code": "us-east-1",
            "storage_gb": null,
            "timeouts": null,
            "username": "tsdbadmin",
            "vpc_id": null
          },
          "sensitive_attributes": [
            [
              {
                "type": "get_attr",
                "value": "password"
              }
            ]
          ],
          "identity_schema_version": 0
        }
      ]
    }
  ],
  "check_results": null
}
